# This file was autogenerated by Stack.
# You should not edit this file by hand.
# For more information, please see the documentation at:
#   https://docs.haskellstack.org/en/stable/lock_files

packages:
- completed:
    hackage: oidc-client-0.4.0.0@sha256:f72a496ab27d9a5071be44e750718c539118ac52c2f1535a5fb3dde7f9874a55,3306
    pantry-tree:
      size: 1153
      sha256: 68c285c6365360975d50bbb18cb07755d5ef19af8bf0e998d3ea46d35ef4a4e1
  original:
    hackage: oidc-client-0.4.0.0
snapshots:
- completed:
    size: 562267
    url: https://raw.githubusercontent.com/commercialhaskell/stackage-snapshots/master/nightly/2021/1/10.yaml
    sha256: 9e39510437161f009d0e61c6e07d40350efce72cf9f71931bb89804b9d86d010
  original: nightly-2021-01-10
